// !$*UTF8*$!
{
	archiveVersion = 1;
	classes = {
	};
	objectVersion = 46;
	objects = {

/* Begin PBXBuildFile section */
		3505E3291FCABAB900B9BF72 /* ZMDiscoverRecommendBannerCell.m in Sources */ = {isa = PBXBuildFile; fileRef = 3505E3281FCABAB900B9BF72 /* ZMDiscoverRecommendBannerCell.m */; };
		3505E32D1FCAC31300B9BF72 /* ZMDiscoverRecommendHeadView.m in Sources */ = {isa = PBXBuildFile; fileRef = 3505E32C1FCAC31300B9BF72 /* ZMDiscoverRecommendHeadView.m */; };
		3505E3301FCACBCB00B9BF72 /* ZMDiscoverRecommendHotTopicCell.m in Sources */ = {isa = PBXBuildFile; fileRef = 3505E32F1FCACBCB00B9BF72 /* ZMDiscoverRecommendHotTopicCell.m */; };
		352592F71FC7051F008165D7 /* main.m in Sources */ = {isa = PBXBuildFile; fileRef = 352592F61FC7051F008165D7 /* main.m */; };
		352592FA1FC7051F008165D7 /* AppDelegate.m in Sources */ = {isa = PBXBuildFile; fileRef = 352592F91FC7051F008165D7 /* AppDelegate.m */; };
		352592FD1FC7051F008165D7 /* ViewController.m in Sources */ = {isa = PBXBuildFile; fileRef = 352592FC1FC7051F008165D7 /* ViewController.m */; };
		352593021FC7051F008165D7 /* Assets.xcassets in Resources */ = {isa = PBXBuildFile; fileRef = 352593011FC7051F008165D7 /* Assets.xcassets */; };
		352593101FC70520008165D7 /* ZMBCYTests.m in Sources */ = {isa = PBXBuildFile; fileRef = 3525930F1FC70520008165D7 /* ZMBCYTests.m */; };
		3525931B1FC70520008165D7 /* ZMBCYUITests.m in Sources */ = {isa = PBXBuildFile; fileRef = 3525931A1FC70520008165D7 /* ZMBCYUITests.m */; };
		354505FD1FCA85CF00F68D34 /* ZMNetworkHelper.m in Sources */ = {isa = PBXBuildFile; fileRef = 354505FC1FCA85CF00F68D34 /* ZMNetworkHelper.m */; };
		35D04AAE1FC70C5900CE082F /* Foundation+Log.m in Sources */ = {isa = PBXBuildFile; fileRef = 35D04AAD1FC70C5900CE082F /* Foundation+Log.m */; };
		35D04ABE1FC717B700CE082F /* BaseNavigationController.m in Sources */ = {isa = PBXBuildFile; fileRef = 35D04ABC1FC717B700CE082F /* BaseNavigationController.m */; };
		35D04AC31FC717F400CE082F /* ZMColor.m in Sources */ = {isa = PBXBuildFile; fileRef = 35D04AC21FC717F400CE082F /* ZMColor.m */; };
		35D04AC61FC718F000CE082F /* ZMMainViewController.m in Sources */ = {isa = PBXBuildFile; fileRef = 35D04AC51FC718F000CE082F /* ZMMainViewController.m */; };
		35D04ACD1FC7193E00CE082F /* YYFPSLabel.m in Sources */ = {isa = PBXBuildFile; fileRef = 35D04AC81FC7193E00CE082F /* YYFPSLabel.m */; };
		35D04ACE1FC7193E00CE082F /* ZMNavView.m in Sources */ = {isa = PBXBuildFile; fileRef = 35D04ACA1FC7193E00CE082F /* ZMNavView.m */; };
		400CB3581FCBB5A00094F1FE /* ZMTopicModel.m in Sources */ = {isa = PBXBuildFile; fileRef = 400CB3571FCBB5A00094F1FE /* ZMTopicModel.m */; };
		400FA4D21FC7AFAB0015335E /* MBProgressHUD+MJ.m in Sources */ = {isa = PBXBuildFile; fileRef = 400FA4D11FC7AFAB0015335E /* MBProgressHUD+MJ.m */; };
		400FA4D71FC7AFD20015335E /* YYTableView.m in Sources */ = {isa = PBXBuildFile; fileRef = 400FA4D41FC7AFD20015335E /* YYTableView.m */; };
		400FA4D81FC7AFD20015335E /* YYTableViewCell.m in Sources */ = {isa = PBXBuildFile; fileRef = 400FA4D61FC7AFD20015335E /* YYTableViewCell.m */; };
		401FF5B21FCD005A006590D8 /* ZMImageView.m in Sources */ = {isa = PBXBuildFile; fileRef = 401FF5B11FCD005A006590D8 /* ZMImageView.m */; };
		401FF5B51FCD059A006590D8 /* ZMDiscoverRecommendMoreTitleCell.m in Sources */ = {isa = PBXBuildFile; fileRef = 401FF5B41FCD059A006590D8 /* ZMDiscoverRecommendMoreTitleCell.m */; };
		401FF5B81FCD09F4006590D8 /* ZMDiscoverRecommendCircleCell.m in Sources */ = {isa = PBXBuildFile; fileRef = 401FF5B71FCD09F4006590D8 /* ZMDiscoverRecommendCircleCell.m */; };
		401FF5BC1FCD2F3F006590D8 /* ZMCircleModel.m in Sources */ = {isa = PBXBuildFile; fileRef = 401FF5BB1FCD2F3F006590D8 /* ZMCircleModel.m */; };
		401FF5BF1FCD373B006590D8 /* ZMRecommendModel.m in Sources */ = {isa = PBXBuildFile; fileRef = 401FF5BE1FCD373B006590D8 /* ZMRecommendModel.m */; };
		401FF5C21FCD4519006590D8 /* ZMHotRecommendModel.m in Sources */ = {isa = PBXBuildFile; fileRef = 401FF5C11FCD4519006590D8 /* ZMHotRecommendModel.m */; };
		401FF5C51FCD5785006590D8 /* ZMAuthorModel.m in Sources */ = {isa = PBXBuildFile; fileRef = 401FF5C41FCD5785006590D8 /* ZMAuthorModel.m */; };
		401FF5C81FCD59B8006590D8 /* ZMWaterFlowLayout.m in Sources */ = {isa = PBXBuildFile; fileRef = 401FF5C71FCD59B8006590D8 /* ZMWaterFlowLayout.m */; };
		401FF5CB1FCD5BC2006590D8 /* ZMDiscoverRecommendHotRecommCell.m in Sources */ = {isa = PBXBuildFile; fileRef = 401FF5CA1FCD5BC2006590D8 /* ZMDiscoverRecommendHotRecommCell.m */; };
		401FF5CF1FCD6C56006590D8 /* XRWaterfallLayout.m in Sources */ = {isa = PBXBuildFile; fileRef = 401FF5CE1FCD6C56006590D8 /* XRWaterfallLayout.m */; };
		407B3D821FC7B55D00E422E2 /* UIView+extension.m in Sources */ = {isa = PBXBuildFile; fileRef = 400FA4CE1FC7AF660015335E /* UIView+extension.m */; };
		407B3D851FC7B88D00E422E2 /* ZMViewController.m in Sources */ = {isa = PBXBuildFile; fileRef = 407B3D841FC7B88D00E422E2 /* ZMViewController.m */; };
		407B3D881FC7BA0800E422E2 /* ZMHomeViewController.m in Sources */ = {isa = PBXBuildFile; fileRef = 407B3D871FC7BA0800E422E2 /* ZMHomeViewController.m */; };
		407B3D8B1FC7BA3400E422E2 /* ZMDiscoverViewController.m in Sources */ = {isa = PBXBuildFile; fileRef = 407B3D8A1FC7BA3400E422E2 /* ZMDiscoverViewController.m */; };
		407B3D941FC7BA8300E422E2 /* ZMMineViewController.m in Sources */ = {isa = PBXBuildFile; fileRef = 407B3D931FC7BA8300E422E2 /* ZMMineViewController.m */; };
		407B3D971FC7BD4400E422E2 /* AppDelegate+Extend.m in Sources */ = {isa = PBXBuildFile; fileRef = 407B3D961FC7BD4400E422E2 /* AppDelegate+Extend.m */; };
		407B3D9B1FC7BF1C00E422E2 /* AudioToolbox.framework in Frameworks */ = {isa = PBXBuildFile; fileRef = 407B3D9A1FC7BF1C00E422E2 /* AudioToolbox.framework */; };
		407B3DA01FC7C48700E422E2 /* ZMBaseModel.m in Sources */ = {isa = PBXBuildFile; fileRef = 407B3D9F1FC7C48700E422E2 /* ZMBaseModel.m */; };
		407B3DA31FC7C4CC00E422E2 /* NSArray+ZMAdd.m in Sources */ = {isa = PBXBuildFile; fileRef = 407B3DA21FC7C4CC00E422E2 /* NSArray+ZMAdd.m */; };
		407B3DA61FC7C8CC00E422E2 /* ZMHomeModel.m in Sources */ = {isa = PBXBuildFile; fileRef = 407B3DA51FC7C8CC00E422E2 /* ZMHomeModel.m */; };
		407B3DA91FC7EBCB00E422E2 /* ZMPostModel.m in Sources */ = {isa = PBXBuildFile; fileRef = 407B3DA81FC7EBCB00E422E2 /* ZMPostModel.m */; };
		407B3DAC1FC7EC7B00E422E2 /* ZMPostDetailModel.m in Sources */ = {isa = PBXBuildFile; fileRef = 407B3DAB1FC7EC7B00E422E2 /* ZMPostDetailModel.m */; };
		407B3DB71FC800B000E422E2 /* ZMTopicViewController.m in Sources */ = {isa = PBXBuildFile; fileRef = 407B3DB61FC800B000E422E2 /* ZMTopicViewController.m */; };
		407B3DBA1FC800BD00E422E2 /* ZMMessageViewController.m in Sources */ = {isa = PBXBuildFile; fileRef = 407B3DB91FC800BD00E422E2 /* ZMMessageViewController.m */; };
		407B3DBE1FC8011D00E422E2 /* like.caf in Resources */ = {isa = PBXBuildFile; fileRef = 407B3DBD1FC8011D00E422E2 /* like.caf */; };
		407B3DC61FC814F600E422E2 /* SPPageMenu.m in Sources */ = {isa = PBXBuildFile; fileRef = 407B3DC51FC814F600E422E2 /* SPPageMenu.m */; };
		407B3DC91FC81C9B00E422E2 /* ZMDiscoverRecommendView.m in Sources */ = {isa = PBXBuildFile; fileRef = 407B3DC81FC81C9B00E422E2 /* ZMDiscoverRecommendView.m */; };
		7435090B11055ACB361ABD3E /* libPods-ZMBCY.a in Frameworks */ = {isa = PBXBuildFile; fileRef = 8620AEA13F81E623CBC40CC7 /* libPods-ZMBCY.a */; };
/* End PBXBuildFile section */

/* Begin PBXContainerItemProxy section */
		3525930C1FC70520008165D7 /* PBXContainerItemProxy */ = {
			isa = PBXContainerItemProxy;
			containerPortal = 352592EA1FC7051F008165D7 /* Project object */;
			proxyType = 1;
			remoteGlobalIDString = 352592F11FC7051F008165D7;
			remoteInfo = ZMBCY;
		};
		352593171FC70520008165D7 /* PBXContainerItemProxy */ = {
			isa = PBXContainerItemProxy;
			containerPortal = 352592EA1FC7051F008165D7 /* Project object */;
			proxyType = 1;
			remoteGlobalIDString = 352592F11FC7051F008165D7;
			remoteInfo = ZMBCY;
		};
/* End PBXContainerItemProxy section */

/* Begin PBXFileReference section */
		145093B9279C04AD454CDE5E /* Pods-ZMBCY.release.xcconfig */ = {isa = PBXFileReference; includeInIndex = 1; lastKnownFileType = text.xcconfig; name = "Pods-ZMBCY.release.xcconfig"; path = "Pods/Target Support Files/Pods-ZMBCY/Pods-ZMBCY.release.xcconfig"; sourceTree = "<group>"; };
		3505E3271FCABAB900B9BF72 /* ZMDiscoverRecommendBannerCell.h */ = {isa = PBXFileReference; fileEncoding = 4; lastKnownFileType = sourcecode.c.h; path = ZMDiscoverRecommendBannerCell.h; sourceTree = "<group>"; };
		3505E3281FCABAB900B9BF72 /* ZMDiscoverRecommendBannerCell.m */ = {isa = PBXFileReference; fileEncoding = 4; lastKnownFileType = sourcecode.c.objc; path = ZMDiscoverRecommendBannerCell.m; sourceTree = "<group>"; };
		3505E32B1FCAC31300B9BF72 /* ZMDiscoverRecommendHeadView.h */ = {isa = PBXFileReference; fileEncoding = 4; lastKnownFileType = sourcecode.c.h; path = ZMDiscoverRecommendHeadView.h; sourceTree = "<group>"; };
		3505E32C1FCAC31300B9BF72 /* ZMDiscoverRecommendHeadView.m */ = {isa = PBXFileReference; fileEncoding = 4; lastKnownFileType = sourcecode.c.objc; path = ZMDiscoverRecommendHeadView.m; sourceTree = "<group>"; };
		3505E32E1FCACBCB00B9BF72 /* ZMDiscoverRecommendHotTopicCell.h */ = {isa = PBXFileReference; fileEncoding = 4; lastKnownFileType = sourcecode.c.h; path = ZMDiscoverRecommendHotTopicCell.h; sourceTree = "<group>"; };
		3505E32F1FCACBCB00B9BF72 /* ZMDiscoverRecommendHotTopicCell.m */ = {isa = PBXFileReference; fileEncoding = 4; lastKnownFileType = sourcecode.c.objc; path = ZMDiscoverRecommendHotTopicCell.m; sourceTree = "<group>"; };
		352592F21FC7051F008165D7 /* ZMBCY.app */ = {isa = PBXFileReference; explicitFileType = wrapper.application; includeInIndex = 0; path = ZMBCY.app; sourceTree = BUILT_PRODUCTS_DIR; };
		352592F61FC7051F008165D7 /* main.m */ = {isa = PBXFileReference; lastKnownFileType = sourcecode.c.objc; path = main.m; sourceTree = "<group>"; };
		352592F81FC7051F008165D7 /* AppDelegate.h */ = {isa = PBXFileReference; lastKnownFileType = sourcecode.c.h; path = AppDelegate.h; sourceTree = "<group>"; };
		352592F91FC7051F008165D7 /* AppDelegate.m */ = {isa = PBXFileReference; lastKnownFileType = sourcecode.c.objc; path = AppDelegate.m; sourceTree = "<group>"; };
		352592FB1FC7051F008165D7 /* ViewController.h */ = {isa = PBXFileReference; lastKnownFileType = sourcecode.c.h; path = ViewController.h; sourceTree = "<group>"; };
		352592FC1FC7051F008165D7 /* ViewController.m */ = {isa = PBXFileReference; lastKnownFileType = sourcecode.c.objc; path = ViewController.m; sourceTree = "<group>"; };
		352593011FC7051F008165D7 /* Assets.xcassets */ = {isa = PBXFileReference; lastKnownFileType = folder.assetcatalog; path = Assets.xcassets; sourceTree = "<group>"; };
		352593061FC7051F008165D7 /* Info.plist */ = {isa = PBXFileReference; lastKnownFileType = text.plist.xml; path = Info.plist; sourceTree = "<group>"; };
		3525930B1FC70520008165D7 /* ZMBCYTests.xctest */ = {isa = PBXFileReference; explicitFileType = wrapper.cfbundle; includeInIndex = 0; path = ZMBCYTests.xctest; sourceTree = BUILT_PRODUCTS_DIR; };
		3525930F1FC70520008165D7 /* ZMBCYTests.m */ = {isa = PBXFileReference; lastKnownFileType = sourcecode.c.objc; path = ZMBCYTests.m; sourceTree = "<group>"; };
		352593111FC70520008165D7 /* Info.plist */ = {isa = PBXFileReference; lastKnownFileType = text.plist.xml; path = Info.plist; sourceTree = "<group>"; };
		352593161FC70520008165D7 /* ZMBCYUITests.xctest */ = {isa = PBXFileReference; explicitFileType = wrapper.cfbundle; includeInIndex = 0; path = ZMBCYUITests.xctest; sourceTree = BUILT_PRODUCTS_DIR; };
		3525931A1FC70520008165D7 /* ZMBCYUITests.m */ = {isa = PBXFileReference; lastKnownFileType = sourcecode.c.objc; path = ZMBCYUITests.m; sourceTree = "<group>"; };
		3525931C1FC70520008165D7 /* Info.plist */ = {isa = PBXFileReference; lastKnownFileType = text.plist.xml; path = Info.plist; sourceTree = "<group>"; };
		354505FB1FCA85CF00F68D34 /* ZMNetworkHelper.h */ = {isa = PBXFileReference; fileEncoding = 4; lastKnownFileType = sourcecode.c.h; path = ZMNetworkHelper.h; sourceTree = "<group>"; };
		354505FC1FCA85CF00F68D34 /* ZMNetworkHelper.m */ = {isa = PBXFileReference; fileEncoding = 4; lastKnownFileType = sourcecode.c.objc; path = ZMNetworkHelper.m; sourceTree = "<group>"; };
		35D04AAA1FC706C300CE082F /* PrefixHeader.pch */ = {isa = PBXFileReference; lastKnownFileType = sourcecode.c.h; path = PrefixHeader.pch; sourceTree = "<group>"; };
		35D04AAD1FC70C5900CE082F /* Foundation+Log.m */ = {isa = PBXFileReference; fileEncoding = 4; lastKnownFileType = sourcecode.c.objc; path = "Foundation+Log.m"; sourceTree = "<group>"; };
		35D04ABB1FC717B700CE082F /* BaseNavigationController.h */ = {isa = PBXFileReference; fileEncoding = 4; lastKnownFileType = sourcecode.c.h; path = BaseNavigationController.h; sourceTree = "<group>"; };
		35D04ABC1FC717B700CE082F /* BaseNavigationController.m */ = {isa = PBXFileReference; fileEncoding = 4; lastKnownFileType = sourcecode.c.objc; path = BaseNavigationController.m; sourceTree = "<group>"; };
		35D04AC11FC717F400CE082F /* ZMColor.h */ = {isa = PBXFileReference; fileEncoding = 4; lastKnownFileType = sourcecode.c.h; path = ZMColor.h; sourceTree = "<group>"; };
		35D04AC21FC717F400CE082F /* ZMColor.m */ = {isa = PBXFileReference; fileEncoding = 4; lastKnownFileType = sourcecode.c.objc; path = ZMColor.m; sourceTree = "<group>"; };
		35D04AC41FC718F000CE082F /* ZMMainViewController.h */ = {isa = PBXFileReference; fileEncoding = 4; lastKnownFileType = sourcecode.c.h; path = ZMMainViewController.h; sourceTree = "<group>"; };
		35D04AC51FC718F000CE082F /* ZMMainViewController.m */ = {isa = PBXFileReference; fileEncoding = 4; lastKnownFileType = sourcecode.c.objc; path = ZMMainViewController.m; sourceTree = "<group>"; };
		35D04AC71FC7193E00CE082F /* YYFPSLabel.h */ = {isa = PBXFileReference; fileEncoding = 4; lastKnownFileType = sourcecode.c.h; path = YYFPSLabel.h; sourceTree = "<group>"; };
		35D04AC81FC7193E00CE082F /* YYFPSLabel.m */ = {isa = PBXFileReference; fileEncoding = 4; lastKnownFileType = sourcecode.c.objc; path = YYFPSLabel.m; sourceTree = "<group>"; };
		35D04AC91FC7193E00CE082F /* ZMNavView.h */ = {isa = PBXFileReference; fileEncoding = 4; lastKnownFileType = sourcecode.c.h; path = ZMNavView.h; sourceTree = "<group>"; };
		35D04ACA1FC7193E00CE082F /* ZMNavView.m */ = {isa = PBXFileReference; fileEncoding = 4; lastKnownFileType = sourcecode.c.objc; path = ZMNavView.m; sourceTree = "<group>"; };
		400CB3561FCBB5A00094F1FE /* ZMTopicModel.h */ = {isa = PBXFileReference; fileEncoding = 4; lastKnownFileType = sourcecode.c.h; path = ZMTopicModel.h; sourceTree = "<group>"; };
		400CB3571FCBB5A00094F1FE /* ZMTopicModel.m */ = {isa = PBXFileReference; fileEncoding = 4; lastKnownFileType = sourcecode.c.objc; path = ZMTopicModel.m; sourceTree = "<group>"; };
		400FA4CD1FC7AF660015335E /* UIView+extension.h */ = {isa = PBXFileReference; fileEncoding = 4; lastKnownFileType = sourcecode.c.h; path = "UIView+extension.h"; sourceTree = "<group>"; };
		400FA4CE1FC7AF660015335E /* UIView+extension.m */ = {isa = PBXFileReference; fileEncoding = 4; lastKnownFileType = sourcecode.c.objc; path = "UIView+extension.m"; sourceTree = "<group>"; };
		400FA4D01FC7AFAB0015335E /* MBProgressHUD+MJ.h */ = {isa = PBXFileReference; fileEncoding = 4; lastKnownFileType = sourcecode.c.h; path = "MBProgressHUD+MJ.h"; sourceTree = "<group>"; };
		400FA4D11FC7AFAB0015335E /* MBProgressHUD+MJ.m */ = {isa = PBXFileReference; fileEncoding = 4; lastKnownFileType = sourcecode.c.objc; path = "MBProgressHUD+MJ.m"; sourceTree = "<group>"; };
		400FA4D31FC7AFD20015335E /* YYTableView.h */ = {isa = PBXFileReference; fileEncoding = 4; lastKnownFileType = sourcecode.c.h; path = YYTableView.h; sourceTree = "<group>"; };
		400FA4D41FC7AFD20015335E /* YYTableView.m */ = {isa = PBXFileReference; fileEncoding = 4; lastKnownFileType = sourcecode.c.objc; path = YYTableView.m; sourceTree = "<group>"; };
		400FA4D51FC7AFD20015335E /* YYTableViewCell.h */ = {isa = PBXFileReference; fileEncoding = 4; lastKnownFileType = sourcecode.c.h; path = YYTableViewCell.h; sourceTree = "<group>"; };
		400FA4D61FC7AFD20015335E /* YYTableViewCell.m */ = {isa = PBXFileReference; fileEncoding = 4; lastKnownFileType = sourcecode.c.objc; path = YYTableViewCell.m; sourceTree = "<group>"; };
		401FF5B01FCD005A006590D8 /* ZMImageView.h */ = {isa = PBXFileReference; fileEncoding = 4; lastKnownFileType = sourcecode.c.h; path = ZMImageView.h; sourceTree = "<group>"; };
		401FF5B11FCD005A006590D8 /* ZMImageView.m */ = {isa = PBXFileReference; fileEncoding = 4; lastKnownFileType = sourcecode.c.objc; path = ZMImageView.m; sourceTree = "<group>"; };
		401FF5B31FCD059A006590D8 /* ZMDiscoverRecommendMoreTitleCell.h */ = {isa = PBXFileReference; fileEncoding = 4; lastKnownFileType = sourcecode.c.h; path = ZMDiscoverRecommendMoreTitleCell.h; sourceTree = "<group>"; };
		401FF5B41FCD059A006590D8 /* ZMDiscoverRecommendMoreTitleCell.m */ = {isa = PBXFileReference; fileEncoding = 4; lastKnownFileType = sourcecode.c.objc; path = ZMDiscoverRecommendMoreTitleCell.m; sourceTree = "<group>"; };
		401FF5B61FCD09F4006590D8 /* ZMDiscoverRecommendCircleCell.h */ = {isa = PBXFileReference; fileEncoding = 4; lastKnownFileType = sourcecode.c.h; path = ZMDiscoverRecommendCircleCell.h; sourceTree = "<group>"; };
		401FF5B71FCD09F4006590D8 /* ZMDiscoverRecommendCircleCell.m */ = {isa = PBXFileReference; fileEncoding = 4; lastKnownFileType = sourcecode.c.objc; path = ZMDiscoverRecommendCircleCell.m; sourceTree = "<group>"; };
		401FF5BA1FCD2F3F006590D8 /* ZMCircleModel.h */ = {isa = PBXFileReference; fileEncoding = 4; lastKnownFileType = sourcecode.c.h; path = ZMCircleModel.h; sourceTree = "<group>"; };
		401FF5BB1FCD2F3F006590D8 /* ZMCircleModel.m */ = {isa = PBXFileReference; fileEncoding = 4; lastKnownFileType = sourcecode.c.objc; path = ZMCircleModel.m; sourceTree = "<group>"; };
		401FF5BD1FCD373B006590D8 /* ZMRecommendModel.h */ = {isa = PBXFileReference; fileEncoding = 4; lastKnownFileType = sourcecode.c.h; path = ZMRecommendModel.h; sourceTree = "<group>"; };
		401FF5BE1FCD373B006590D8 /* ZMRecommendModel.m */ = {isa = PBXFileReference; fileEncoding = 4; lastKnownFileType = sourcecode.c.objc; path = ZMRecommendModel.m; sourceTree = "<group>"; };
		401FF5C01FCD4519006590D8 /* ZMHotRecommendModel.h */ = {isa = PBXFileReference; fileEncoding = 4; lastKnownFileType = sourcecode.c.h; path = ZMHotRecommendModel.h; sourceTree = "<group>"; };
		401FF5C11FCD4519006590D8 /* ZMHotRecommendModel.m */ = {isa = PBXFileReference; fileEncoding = 4; lastKnownFileType = sourcecode.c.objc; path = ZMHotRecommendModel.m; sourceTree = "<group>"; };
		401FF5C31FCD5785006590D8 /* ZMAuthorModel.h */ = {isa = PBXFileReference; fileEncoding = 4; lastKnownFileType = sourcecode.c.h; path = ZMAuthorModel.h; sourceTree = "<group>"; };
		401FF5C41FCD5785006590D8 /* ZMAuthorModel.m */ = {isa = PBXFileReference; fileEncoding = 4; lastKnownFileType = sourcecode.c.objc; path = ZMAuthorModel.m; sourceTree = "<group>"; };
		401FF5C61FCD59B8006590D8 /* ZMWaterFlowLayout.h */ = {isa = PBXFileReference; fileEncoding = 4; lastKnownFileType = sourcecode.c.h; path = ZMWaterFlowLayout.h; sourceTree = "<group>"; };
		401FF5C71FCD59B8006590D8 /* ZMWaterFlowLayout.m */ = {isa = PBXFileReference; fileEncoding = 4; lastKnownFileType = sourcecode.c.objc; path = ZMWaterFlowLayout.m; sourceTree = "<group>"; };
		401FF5C91FCD5BC2006590D8 /* ZMDiscoverRecommendHotRecommCell.h */ = {isa = PBXFileReference; fileEncoding = 4; lastKnownFileType = sourcecode.c.h; path = ZMDiscoverRecommendHotRecommCell.h; sourceTree = "<group>"; };
		401FF5CA1FCD5BC2006590D8 /* ZMDiscoverRecommendHotRecommCell.m */ = {isa = PBXFileReference; fileEncoding = 4; lastKnownFileType = sourcecode.c.objc; path = ZMDiscoverRecommendHotRecommCell.m; sourceTree = "<group>"; };
		401FF5CD1FCD6C56006590D8 /* XRWaterfallLayout.h */ = {isa = PBXFileReference; fileEncoding = 4; lastKnownFileType = sourcecode.c.h; path = XRWaterfallLayout.h; sourceTree = "<group>"; };
		401FF5CE1FCD6C56006590D8 /* XRWaterfallLayout.m */ = {isa = PBXFileReference; fileEncoding = 4; lastKnownFileType = sourcecode.c.objc; path = XRWaterfallLayout.m; sourceTree = "<group>"; };
		407B3D831FC7B88D00E422E2 /* ZMViewController.h */ = {isa = PBXFileReference; fileEncoding = 4; lastKnownFileType = sourcecode.c.h; path = ZMViewController.h; sourceTree = "<group>"; };
		407B3D841FC7B88D00E422E2 /* ZMViewController.m */ = {isa = PBXFileReference; fileEncoding = 4; lastKnownFileType = sourcecode.c.objc; path = ZMViewController.m; sourceTree = "<group>"; };
		407B3D861FC7BA0800E422E2 /* ZMHomeViewController.h */ = {isa = PBXFileReference; fileEncoding = 4; lastKnownFileType = sourcecode.c.h; path = ZMHomeViewController.h; sourceTree = "<group>"; };
		407B3D871FC7BA0800E422E2 /* ZMHomeViewController.m */ = {isa = PBXFileReference; fileEncoding = 4; lastKnownFileType = sourcecode.c.objc; path = ZMHomeViewController.m; sourceTree = "<group>"; };
		407B3D891FC7BA3400E422E2 /* ZMDiscoverViewController.h */ = {isa = PBXFileReference; fileEncoding = 4; lastKnownFileType = sourcecode.c.h; path = ZMDiscoverViewController.h; sourceTree = "<group>"; };
		407B3D8A1FC7BA3400E422E2 /* ZMDiscoverViewController.m */ = {isa = PBXFileReference; fileEncoding = 4; lastKnownFileType = sourcecode.c.objc; path = ZMDiscoverViewController.m; sourceTree = "<group>"; };
		407B3D921FC7BA8300E422E2 /* ZMMineViewController.h */ = {isa = PBXFileReference; fileEncoding = 4; lastKnownFileType = sourcecode.c.h; path = ZMMineViewController.h; sourceTree = "<group>"; };
		407B3D931FC7BA8300E422E2 /* ZMMineViewController.m */ = {isa = PBXFileReference; fileEncoding = 4; lastKnownFileType = sourcecode.c.objc; path = ZMMineViewController.m; sourceTree = "<group>"; };
		407B3D951FC7BD4400E422E2 /* AppDelegate+Extend.h */ = {isa = PBXFileReference; fileEncoding = 4; lastKnownFileType = sourcecode.c.h; path = "AppDelegate+Extend.h"; sourceTree = "<group>"; };
		407B3D961FC7BD4400E422E2 /* AppDelegate+Extend.m */ = {isa = PBXFileReference; fileEncoding = 4; lastKnownFileType = sourcecode.c.objc; path = "AppDelegate+Extend.m"; sourceTree = "<group>"; };
		407B3D9A1FC7BF1C00E422E2 /* AudioToolbox.framework */ = {isa = PBXFileReference; lastKnownFileType = wrapper.framework; name = AudioToolbox.framework; path = System/Library/Frameworks/AudioToolbox.framework; sourceTree = SDKROOT; };
		407B3D9E1FC7C48700E422E2 /* ZMBaseModel.h */ = {isa = PBXFileReference; fileEncoding = 4; lastKnownFileType = sourcecode.c.h; path = ZMBaseModel.h; sourceTree = "<group>"; };
		407B3D9F1FC7C48700E422E2 /* ZMBaseModel.m */ = {isa = PBXFileReference; fileEncoding = 4; lastKnownFileType = sourcecode.c.objc; path = ZMBaseModel.m; sourceTree = "<group>"; };
		407B3DA11FC7C4CC00E422E2 /* NSArray+ZMAdd.h */ = {isa = PBXFileReference; fileEncoding = 4; lastKnownFileType = sourcecode.c.h; path = "NSArray+ZMAdd.h"; sourceTree = "<group>"; };
		407B3DA21FC7C4CC00E422E2 /* NSArray+ZMAdd.m */ = {isa = PBXFileReference; fileEncoding = 4; lastKnownFileType = sourcecode.c.objc; path = "NSArray+ZMAdd.m"; sourceTree = "<group>"; };
		407B3DA41FC7C8CC00E422E2 /* ZMHomeModel.h */ = {isa = PBXFileReference; fileEncoding = 4; lastKnownFileType = sourcecode.c.h; path = ZMHomeModel.h; sourceTree = "<group>"; };
		407B3DA51FC7C8CC00E422E2 /* ZMHomeModel.m */ = {isa = PBXFileReference; fileEncoding = 4; lastKnownFileType = sourcecode.c.objc; path = ZMHomeModel.m; sourceTree = "<group>"; };
		407B3DA71FC7EBCB00E422E2 /* ZMPostModel.h */ = {isa = PBXFileReference; fileEncoding = 4; lastKnownFileType = sourcecode.c.h; path = ZMPostModel.h; sourceTree = "<group>"; };
		407B3DA81FC7EBCB00E422E2 /* ZMPostModel.m */ = {isa = PBXFileReference; fileEncoding = 4; lastKnownFileType = sourcecode.c.objc; path = ZMPostModel.m; sourceTree = "<group>"; };
		407B3DAA1FC7EC7B00E422E2 /* ZMPostDetailModel.h */ = {isa = PBXFileReference; fileEncoding = 4; lastKnownFileType = sourcecode.c.h; path = ZMPostDetailModel.h; sourceTree = "<group>"; };
		407B3DAB1FC7EC7B00E422E2 /* ZMPostDetailModel.m */ = {isa = PBXFileReference; fileEncoding = 4; lastKnownFileType = sourcecode.c.objc; path = ZMPostDetailModel.m; sourceTree = "<group>"; };
		407B3DB51FC800B000E422E2 /* ZMTopicViewController.h */ = {isa = PBXFileReference; fileEncoding = 4; lastKnownFileType = sourcecode.c.h; path = ZMTopicViewController.h; sourceTree = "<group>"; };
		407B3DB61FC800B000E422E2 /* ZMTopicViewController.m */ = {isa = PBXFileReference; fileEncoding = 4; lastKnownFileType = sourcecode.c.objc; path = ZMTopicViewController.m; sourceTree = "<group>"; };
		407B3DB81FC800BD00E422E2 /* ZMMessageViewController.h */ = {isa = PBXFileReference; fileEncoding = 4; lastKnownFileType = sourcecode.c.h; path = ZMMessageViewController.h; sourceTree = "<group>"; };
		407B3DB91FC800BD00E422E2 /* ZMMessageViewController.m */ = {isa = PBXFileReference; fileEncoding = 4; lastKnownFileType = sourcecode.c.objc; path = ZMMessageViewController.m; sourceTree = "<group>"; };
		407B3DBD1FC8011D00E422E2 /* like.caf */ = {isa = PBXFileReference; lastKnownFileType = file; path = like.caf; sourceTree = "<group>"; };
		407B3DC41FC814F600E422E2 /* SPPageMenu.h */ = {isa = PBXFileReference; fileEncoding = 4; lastKnownFileType = sourcecode.c.h; path = SPPageMenu.h; sourceTree = "<group>"; };
		407B3DC51FC814F600E422E2 /* SPPageMenu.m */ = {isa = PBXFileReference; fileEncoding = 4; lastKnownFileType = sourcecode.c.objc; path = SPPageMenu.m; sourceTree = "<group>"; };
		407B3DC71FC81C9B00E422E2 /* ZMDiscoverRecommendView.h */ = {isa = PBXFileReference; fileEncoding = 4; lastKnownFileType = sourcecode.c.h; path = ZMDiscoverRecommendView.h; sourceTree = "<group>"; };
		407B3DC81FC81C9B00E422E2 /* ZMDiscoverRecommendView.m */ = {isa = PBXFileReference; fileEncoding = 4; lastKnownFileType = sourcecode.c.objc; path = ZMDiscoverRecommendView.m; sourceTree = "<group>"; };
		8620AEA13F81E623CBC40CC7 /* libPods-ZMBCY.a */ = {isa = PBXFileReference; explicitFileType = archive.ar; includeInIndex = 0; path = "libPods-ZMBCY.a"; sourceTree = BUILT_PRODUCTS_DIR; };
		E2E141989F61C78BD93DB72C /* Pods-ZMBCY.debug.xcconfig */ = {isa = PBXFileReference; includeInIndex = 1; lastKnownFileType = text.xcconfig; name = "Pods-ZMBCY.debug.xcconfig"; path = "Pods/Target Support Files/Pods-ZMBCY/Pods-ZMBCY.debug.xcconfig"; sourceTree = "<group>"; };
/* End PBXFileReference section */

/* Begin PBXFrameworksBuildPhase section */
		352592EF1FC7051F008165D7 /* Frameworks */ = {
			isa = PBXFrameworksBuildPhase;
			buildActionMask = 2147483647;
			files = (
				407B3D9B1FC7BF1C00E422E2 /* AudioToolbox.framework in Frameworks */,
				7435090B11055ACB361ABD3E /* libPods-ZMBCY.a in Frameworks */,
			);
			runOnlyForDeploymentPostprocessing = 0;
		};
		352593081FC70520008165D7 /* Frameworks */ = {
			isa = PBXFrameworksBuildPhase;
			buildActionMask = 2147483647;
			files = (
			);
			runOnlyForDeploymentPostprocessing = 0;
		};
		352593131FC70520008165D7 /* Frameworks */ = {
			isa = PBXFrameworksBuildPhase;
			buildActionMask = 2147483647;
			files = (
			);
			runOnlyForDeploymentPostprocessing = 0;
		};
/* End PBXFrameworksBuildPhase section */

/* Begin PBXGroup section */
		352592E91FC7051F008165D7 = {
			isa = PBXGroup;
			children = (
				352592F41FC7051F008165D7 /* ZMBCY */,
				3525930E1FC70520008165D7 /* ZMBCYTests */,
				352593191FC70520008165D7 /* ZMBCYUITests */,
				352592F31FC7051F008165D7 /* Products */,
				977C0CB81CE625D99B90B53E /* Pods */,
				422E9875954C22B912896C4E /* Frameworks */,
			);
			sourceTree = "<group>";
		};
		352592F31FC7051F008165D7 /* Products */ = {
			isa = PBXGroup;
			children = (
				352592F21FC7051F008165D7 /* ZMBCY.app */,
				3525930B1FC70520008165D7 /* ZMBCYTests.xctest */,
				352593161FC70520008165D7 /* ZMBCYUITests.xctest */,
			);
			name = Products;
			sourceTree = "<group>";
		};
		352592F41FC7051F008165D7 /* ZMBCY */ = {
			isa = PBXGroup;
			children = (
				35D04AAD1FC70C5900CE082F /* Foundation+Log.m */,
				407B3DBC1FC8011D00E422E2 /* Resources */,
				35D04AB91FC717B700CE082F /* Common */,
				35D04ABF1FC717C000CE082F /* Tool */,
				400FA4C71FC7AB9C0015335E /* Lib */,
				400FA4CC1FC7AF660015335E /* Category */,
				400FA4D91FC7B0720015335E /* Home */,
				400FA4DD1FC7B0B40015335E /* Discover */,
				407B3DAD1FC8007900E422E2 /* Topic */,
				407B3DB11FC8008C00E422E2 /* Message */,
				400FA4E91FC7B14E0015335E /* Mine */,
				352592F81FC7051F008165D7 /* AppDelegate.h */,
				352592F91FC7051F008165D7 /* AppDelegate.m */,
				407B3D951FC7BD4400E422E2 /* AppDelegate+Extend.h */,
				407B3D961FC7BD4400E422E2 /* AppDelegate+Extend.m */,
				352592FB1FC7051F008165D7 /* ViewController.h */,
				352592FC1FC7051F008165D7 /* ViewController.m */,
				352592F51FC7051F008165D7 /* Supporting Files */,
			);
			path = ZMBCY;
			sourceTree = "<group>";
		};
		352592F51FC7051F008165D7 /* Supporting Files */ = {
			isa = PBXGroup;
			children = (
				352593011FC7051F008165D7 /* Assets.xcassets */,
				352593061FC7051F008165D7 /* Info.plist */,
				352592F61FC7051F008165D7 /* main.m */,
				35D04AAA1FC706C300CE082F /* PrefixHeader.pch */,
			);
			name = "Supporting Files";
			sourceTree = "<group>";
		};
		3525930E1FC70520008165D7 /* ZMBCYTests */ = {
			isa = PBXGroup;
			children = (
				3525930F1FC70520008165D7 /* ZMBCYTests.m */,
				352593111FC70520008165D7 /* Info.plist */,
			);
			path = ZMBCYTests;
			sourceTree = "<group>";
		};
		352593191FC70520008165D7 /* ZMBCYUITests */ = {
			isa = PBXGroup;
			children = (
				3525931A1FC70520008165D7 /* ZMBCYUITests.m */,
				3525931C1FC70520008165D7 /* Info.plist */,
			);
			path = ZMBCYUITests;
			sourceTree = "<group>";
		};
		35D04AB91FC717B700CE082F /* Common */ = {
			isa = PBXGroup;
			children = (
				407B3D9D1FC7C43B00E422E2 /* Model */,
				35D04ABA1FC717B700CE082F /* Base */,
				35D04ABD1FC717B700CE082F /* View */,
			);
			path = Common;
			sourceTree = "<group>";
		};
		35D04ABA1FC717B700CE082F /* Base */ = {
			isa = PBXGroup;
			children = (
				35D04ABB1FC717B700CE082F /* BaseNavigationController.h */,
				35D04ABC1FC717B700CE082F /* BaseNavigationController.m */,
				35D04AC41FC718F000CE082F /* ZMMainViewController.h */,
				35D04AC51FC718F000CE082F /* ZMMainViewController.m */,
				407B3D831FC7B88D00E422E2 /* ZMViewController.h */,
				407B3D841FC7B88D00E422E2 /* ZMViewController.m */,
			);
			path = Base;
			sourceTree = "<group>";
		};
		35D04ABD1FC717B700CE082F /* View */ = {
			isa = PBXGroup;
			children = (
				400FA4D31FC7AFD20015335E /* YYTableView.h */,
				400FA4D41FC7AFD20015335E /* YYTableView.m */,
				400FA4D51FC7AFD20015335E /* YYTableViewCell.h */,
				400FA4D61FC7AFD20015335E /* YYTableViewCell.m */,
				35D04AC71FC7193E00CE082F /* YYFPSLabel.h */,
				35D04AC81FC7193E00CE082F /* YYFPSLabel.m */,
				35D04AC91FC7193E00CE082F /* ZMNavView.h */,
				35D04ACA1FC7193E00CE082F /* ZMNavView.m */,
				401FF5B01FCD005A006590D8 /* ZMImageView.h */,
				401FF5B11FCD005A006590D8 /* ZMImageView.m */,
			);
			path = View;
			sourceTree = "<group>";
		};
		35D04ABF1FC717C000CE082F /* Tool */ = {
			isa = PBXGroup;
			children = (
				35D04AC11FC717F400CE082F /* ZMColor.h */,
				35D04AC21FC717F400CE082F /* ZMColor.m */,
				354505FB1FCA85CF00F68D34 /* ZMNetworkHelper.h */,
				354505FC1FCA85CF00F68D34 /* ZMNetworkHelper.m */,
			);
			path = Tool;
			sourceTree = "<group>";
		};
		400FA4C71FC7AB9C0015335E /* Lib */ = {
			isa = PBXGroup;
			children = (
				407B3DC31FC814F600E422E2 /* SPPageMenu */,
			);
			path = Lib;
			sourceTree = "<group>";
		};
		400FA4CC1FC7AF660015335E /* Category */ = {
			isa = PBXGroup;
			children = (
				400FA4CD1FC7AF660015335E /* UIView+extension.h */,
				400FA4CE1FC7AF660015335E /* UIView+extension.m */,
				400FA4D01FC7AFAB0015335E /* MBProgressHUD+MJ.h */,
				400FA4D11FC7AFAB0015335E /* MBProgressHUD+MJ.m */,
				407B3DA11FC7C4CC00E422E2 /* NSArray+ZMAdd.h */,
				407B3DA21FC7C4CC00E422E2 /* NSArray+ZMAdd.m */,
			);
			path = Category;
			sourceTree = "<group>";
		};
		400FA4D91FC7B0720015335E /* Home */ = {
			isa = PBXGroup;
			children = (
				400FA4DB1FC7B0720015335E /* Model */,
				400FA4DC1FC7B0720015335E /* View */,
				400FA4DA1FC7B0720015335E /* Controller */,
			);
			path = Home;
			sourceTree = "<group>";
		};
		400FA4DA1FC7B0720015335E /* Controller */ = {
			isa = PBXGroup;
			children = (
				407B3D861FC7BA0800E422E2 /* ZMHomeViewController.h */,
				407B3D871FC7BA0800E422E2 /* ZMHomeViewController.m */,
			);
			path = Controller;
			sourceTree = "<group>";
		};
		400FA4DB1FC7B0720015335E /* Model */ = {
			isa = PBXGroup;
			children = (
				407B3DA41FC7C8CC00E422E2 /* ZMHomeModel.h */,
				407B3DA51FC7C8CC00E422E2 /* ZMHomeModel.m */,
			);
			path = Model;
			sourceTree = "<group>";
		};
		400FA4DC1FC7B0720015335E /* View */ = {
			isa = PBXGroup;
			children = (
			);
			path = View;
			sourceTree = "<group>";
		};
		400FA4DD1FC7B0B40015335E /* Discover */ = {
			isa = PBXGroup;
			children = (
				400FA4DF1FC7B0B40015335E /* Model */,
				400FA4E01FC7B0B40015335E /* View */,
				400FA4DE1FC7B0B40015335E /* Controller */,
			);
			path = Discover;
			sourceTree = "<group>";
		};
		400FA4DE1FC7B0B40015335E /* Controller */ = {
			isa = PBXGroup;
			children = (
				407B3D891FC7BA3400E422E2 /* ZMDiscoverViewController.h */,
				407B3D8A1FC7BA3400E422E2 /* ZMDiscoverViewController.m */,
			);
			path = Controller;
			sourceTree = "<group>";
		};
		400FA4DF1FC7B0B40015335E /* Model */ = {
			isa = PBXGroup;
			children = (
				401FF5BD1FCD373B006590D8 /* ZMRecommendModel.h */,
				401FF5BE1FCD373B006590D8 /* ZMRecommendModel.m */,
				400CB3561FCBB5A00094F1FE /* ZMTopicModel.h */,
				400CB3571FCBB5A00094F1FE /* ZMTopicModel.m */,
				401FF5BA1FCD2F3F006590D8 /* ZMCircleModel.h */,
				401FF5BB1FCD2F3F006590D8 /* ZMCircleModel.m */,
				401FF5C01FCD4519006590D8 /* ZMHotRecommendModel.h */,
				401FF5C11FCD4519006590D8 /* ZMHotRecommendModel.m */,
			);
			path = Model;
			sourceTree = "<group>";
		};
		400FA4E01FC7B0B40015335E /* View */ = {
			isa = PBXGroup;
			children = (
				407B3DC71FC81C9B00E422E2 /* ZMDiscoverRecommendView.h */,
				407B3DC81FC81C9B00E422E2 /* ZMDiscoverRecommendView.m */,
				3505E3271FCABAB900B9BF72 /* ZMDiscoverRecommendBannerCell.h */,
				3505E3281FCABAB900B9BF72 /* ZMDiscoverRecommendBannerCell.m */,
				3505E32B1FCAC31300B9BF72 /* ZMDiscoverRecommendHeadView.h */,
				3505E32C1FCAC31300B9BF72 /* ZMDiscoverRecommendHeadView.m */,
				3505E32E1FCACBCB00B9BF72 /* ZMDiscoverRecommendHotTopicCell.h */,
				3505E32F1FCACBCB00B9BF72 /* ZMDiscoverRecommendHotTopicCell.m */,
				401FF5B31FCD059A006590D8 /* ZMDiscoverRecommendMoreTitleCell.h */,
				401FF5B41FCD059A006590D8 /* ZMDiscoverRecommendMoreTitleCell.m */,
				401FF5B61FCD09F4006590D8 /* ZMDiscoverRecommendCircleCell.h */,
				401FF5B71FCD09F4006590D8 /* ZMDiscoverRecommendCircleCell.m */,
				401FF5CD1FCD6C56006590D8 /* XRWaterfallLayout.h */,
				401FF5CE1FCD6C56006590D8 /* XRWaterfallLayout.m */,
				401FF5C61FCD59B8006590D8 /* ZMWaterFlowLayout.h */,
				401FF5C71FCD59B8006590D8 /* ZMWaterFlowLayout.m */,
				401FF5C91FCD5BC2006590D8 /* ZMDiscoverRecommendHotRecommCell.h */,
				401FF5CA1FCD5BC2006590D8 /* ZMDiscoverRecommendHotRecommCell.m */,
			);
			path = View;
			sourceTree = "<group>";
		};
		400FA4E91FC7B14E0015335E /* Mine */ = {
			isa = PBXGroup;
			children = (
				400FA4EB1FC7B14E0015335E /* Model */,
				400FA4EC1FC7B14E0015335E /* View */,
				400FA4EA1FC7B14E0015335E /* Controller */,
			);
			path = Mine;
			sourceTree = "<group>";
		};
		400FA4EA1FC7B14E0015335E /* Controller */ = {
			isa = PBXGroup;
			children = (
				407B3D921FC7BA8300E422E2 /* ZMMineViewController.h */,
				407B3D931FC7BA8300E422E2 /* ZMMineViewController.m */,
			);
			path = Controller;
			sourceTree = "<group>";
		};
		400FA4EB1FC7B14E0015335E /* Model */ = {
			isa = PBXGroup;
			children = (
			);
			path = Model;
			sourceTree = "<group>";
		};
		400FA4EC1FC7B14E0015335E /* View */ = {
			isa = PBXGroup;
			children = (
			);
			path = View;
			sourceTree = "<group>";
		};
		407B3D9D1FC7C43B00E422E2 /* Model */ = {
			isa = PBXGroup;
			children = (
				407B3D9E1FC7C48700E422E2 /* ZMBaseModel.h */,
				407B3D9F1FC7C48700E422E2 /* ZMBaseModel.m */,
				407B3DA71FC7EBCB00E422E2 /* ZMPostModel.h */,
				407B3DA81FC7EBCB00E422E2 /* ZMPostModel.m */,
				407B3DAA1FC7EC7B00E422E2 /* ZMPostDetailModel.h */,
				407B3DAB1FC7EC7B00E422E2 /* ZMPostDetailModel.m */,
				401FF5C31FCD5785006590D8 /* ZMAuthorModel.h */,
				401FF5C41FCD5785006590D8 /* ZMAuthorModel.m */,
			);
			path = Model;
			sourceTree = "<group>";
		};
		407B3DAD1FC8007900E422E2 /* Topic */ = {
			isa = PBXGroup;
			children = (
				407B3DAE1FC8007900E422E2 /* Controller */,
				407B3DAF1FC8007900E422E2 /* Model */,
				407B3DB01FC8007900E422E2 /* View */,
			);
			path = Topic;
			sourceTree = "<group>";
		};
		407B3DAE1FC8007900E422E2 /* Controller */ = {
			isa = PBXGroup;
			children = (
				407B3DB51FC800B000E422E2 /* ZMTopicViewController.h */,
				407B3DB61FC800B000E422E2 /* ZMTopicViewController.m */,
			);
			path = Controller;
			sourceTree = "<group>";
		};
		407B3DAF1FC8007900E422E2 /* Model */ = {
			isa = PBXGroup;
			children = (
			);
			path = Model;
			sourceTree = "<group>";
		};
		407B3DB01FC8007900E422E2 /* View */ = {
			isa = PBXGroup;
			children = (
			);
			path = View;
			sourceTree = "<group>";
		};
		407B3DB11FC8008C00E422E2 /* Message */ = {
			isa = PBXGroup;
			children = (
				407B3DB21FC8008C00E422E2 /* Controller */,
				407B3DB31FC8008C00E422E2 /* Model */,
				407B3DB41FC8008C00E422E2 /* View */,
			);
			path = Message;
			sourceTree = "<group>";
		};
		407B3DB21FC8008C00E422E2 /* Controller */ = {
			isa = PBXGroup;
			children = (
				407B3DB81FC800BD00E422E2 /* ZMMessageViewController.h */,
				407B3DB91FC800BD00E422E2 /* ZMMessageViewController.m */,
			);
			path = Controller;
			sourceTree = "<group>";
		};
		407B3DB31FC8008C00E422E2 /* Model */ = {
			isa = PBXGroup;
			children = (
			);
			path = Model;
			sourceTree = "<group>";
		};
		407B3DB41FC8008C00E422E2 /* View */ = {
			isa = PBXGroup;
			children = (
			);
			path = View;
			sourceTree = "<group>";
		};
		407B3DBC1FC8011D00E422E2 /* Resources */ = {
			isa = PBXGroup;
			children = (
				407B3DBD1FC8011D00E422E2 /* like.caf */,
			);
			path = Resources;
			sourceTree = "<group>";
		};
		407B3DC31FC814F600E422E2 /* SPPageMenu */ = {
			isa = PBXGroup;
			children = (
				407B3DC41FC814F600E422E2 /* SPPageMenu.h */,
				407B3DC51FC814F600E422E2 /* SPPageMenu.m */,
			);
			path = SPPageMenu;
			sourceTree = "<group>";
		};
		422E9875954C22B912896C4E /* Frameworks */ = {
			isa = PBXGroup;
			children = (
				407B3D9A1FC7BF1C00E422E2 /* AudioToolbox.framework */,
				8620AEA13F81E623CBC40CC7 /* libPods-ZMBCY.a */,
			);
			name = Frameworks;
			sourceTree = "<group>";
		};
		977C0CB81CE625D99B90B53E /* Pods */ = {
			isa = PBXGroup;
			children = (
				E2E141989F61C78BD93DB72C /* Pods-ZMBCY.debug.xcconfig */,
				145093B9279C04AD454CDE5E /* Pods-ZMBCY.release.xcconfig */,
			);
			name = Pods;
			sourceTree = "<group>";
		};
/* End PBXGroup section */

/* Begin PBXNativeTarget section */
		352592F11FC7051F008165D7 /* ZMBCY */ = {
			isa = PBXNativeTarget;
			buildConfigurationList = 3525931F1FC70520008165D7 /* Build configuration list for PBXNativeTarget "ZMBCY" */;
			buildPhases = (
				D572D7AB8870D90E5DB56235 /* [CP] Check Pods Manifest.lock */,
				352592EE1FC7051F008165D7 /* Sources */,
				352592EF1FC7051F008165D7 /* Frameworks */,
				352592F01FC7051F008165D7 /* Resources */,
				92A4D102690A7905937D4ACF /* [CP] Embed Pods Frameworks */,
				F5821868298EC23A6D798A5F /* [CP] Copy Pods Resources */,
			);
			buildRules = (
			);
			dependencies = (
			);
			name = ZMBCY;
			productName = ZMBCY;
			productReference = 352592F21FC7051F008165D7 /* ZMBCY.app */;
			productType = "com.apple.product-type.application";
		};
		3525930A1FC70520008165D7 /* ZMBCYTests */ = {
			isa = PBXNativeTarget;
			buildConfigurationList = 352593221FC70520008165D7 /* Build configuration list for PBXNativeTarget "ZMBCYTests" */;
			buildPhases = (
				352593071FC70520008165D7 /* Sources */,
				352593081FC70520008165D7 /* Frameworks */,
				352593091FC70520008165D7 /* Resources */,
			);
			buildRules = (
			);
			dependencies = (
				3525930D1FC70520008165D7 /* PBXTargetDependency */,
			);
			name = ZMBCYTests;
			productName = ZMBCYTests;
			productReference = 3525930B1FC70520008165D7 /* ZMBCYTests.xctest */;
			productType = "com.apple.product-type.bundle.unit-test";
		};
		352593151FC70520008165D7 /* ZMBCYUITests */ = {
			isa = PBXNativeTarget;
			buildConfigurationList = 352593251FC70520008165D7 /* Build configuration list for PBXNativeTarget "ZMBCYUITests" */;
			buildPhases = (
				352593121FC70520008165D7 /* Sources */,
				352593131FC70520008165D7 /* Frameworks */,
				352593141FC70520008165D7 /* Resources */,
			);
			buildRules = (
			);
			dependencies = (
				352593181FC70520008165D7 /* PBXTargetDependency */,
			);
			name = ZMBCYUITests;
			productName = ZMBCYUITests;
			productReference = 352593161FC70520008165D7 /* ZMBCYUITests.xctest */;
			productType = "com.apple.product-type.bundle.ui-testing";
		};
/* End PBXNativeTarget section */

/* Begin PBXProject section */
		352592EA1FC7051F008165D7 /* Project object */ = {
			isa = PBXProject;
			attributes = {
				LastUpgradeCheck = 0830;
				ORGANIZATIONNAME = Brance;
				TargetAttributes = {
					352592F11FC7051F008165D7 = {
						CreatedOnToolsVersion = 8.3.3;
						DevelopmentTeam = P94N2NJ7G4;
						ProvisioningStyle = Automatic;
					};
					3525930A1FC70520008165D7 = {
						CreatedOnToolsVersion = 8.3.3;
						ProvisioningStyle = Automatic;
						TestTargetID = 352592F11FC7051F008165D7;
					};
					352593151FC70520008165D7 = {
						CreatedOnToolsVersion = 8.3.3;
						ProvisioningStyle = Automatic;
						TestTargetID = 352592F11FC7051F008165D7;
					};
				};
			};
			buildConfigurationList = 352592ED1FC7051F008165D7 /* Build configuration list for PBXProject "ZMBCY" */;
			compatibilityVersion = "Xcode 3.2";
			developmentRegion = English;
			hasScannedForEncodings = 0;
			knownRegions = (
				en,
				Base,
			);
			mainGroup = 352592E91FC7051F008165D7;
			productRefGroup = 352592F31FC7051F008165D7 /* Products */;
			projectDirPath = "";
			projectRoot = "";
			targets = (
				352592F11FC7051F008165D7 /* ZMBCY */,
				3525930A1FC70520008165D7 /* ZMBCYTests */,
				352593151FC70520008165D7 /* ZMBCYUITests */,
			);
		};
/* End PBXProject section */

/* Begin PBXResourcesBuildPhase section */
		352592F01FC7051F008165D7 /* Resources */ = {
			isa = PBXResourcesBuildPhase;
			buildActionMask = 2147483647;
			files = (
				407B3DBE1FC8011D00E422E2 /* like.caf in Resources */,
				352593021FC7051F008165D7 /* Assets.xcassets in Resources */,
			);
			runOnlyForDeploymentPostprocessing = 0;
		};
		352593091FC70520008165D7 /* Resources */ = {
			isa = PBXResourcesBuildPhase;
			buildActionMask = 2147483647;
			files = (
			);
			runOnlyForDeploymentPostprocessing = 0;
		};
		352593141FC70520008165D7 /* Resources */ = {
			isa = PBXResourcesBuildPhase;
			buildActionMask = 2147483647;
			files = (
			);
			runOnlyForDeploymentPostprocessing = 0;
		};
/* End PBXResourcesBuildPhase section */

/* Begin PBXShellScriptBuildPhase section */
		92A4D102690A7905937D4ACF /* [CP] Embed Pods Frameworks */ = {
			isa = PBXShellScriptBuildPhase;
			buildActionMask = 2147483647;
			files = (
			);
			inputPaths = (
			);
			name = "[CP] Embed Pods Frameworks";
			outputPaths = (
			);
			runOnlyForDeploymentPostprocessing = 0;
			shellPath = /bin/sh;
			shellScript = "\"${SRCROOT}/Pods/Target Support Files/Pods-ZMBCY/Pods-ZMBCY-frameworks.sh\"\n";
			showEnvVarsInLog = 0;
		};
		D572D7AB8870D90E5DB56235 /* [CP] Check Pods Manifest.lock */ = {
			isa = PBXShellScriptBuildPhase;
			buildActionMask = 2147483647;
			files = (
			);
			inputPaths = (
				"${PODS_PODFILE_DIR_PATH}/Podfile.lock",
				"${PODS_ROOT}/Manifest.lock",
			);
			name = "[CP] Check Pods Manifest.lock";
			outputPaths = (
				"$(DERIVED_FILE_DIR)/Pods-ZMBCY-checkManifestLockResult.txt",
			);
			runOnlyForDeploymentPostprocessing = 0;
			shellPath = /bin/sh;
			shellScript = "diff \"${PODS_PODFILE_DIR_PATH}/Podfile.lock\" \"${PODS_ROOT}/Manifest.lock\" > /dev/null\nif [ $? != 0 ] ; then\n    # print error to STDERR\n    echo \"error: The sandbox is not in sync with the Podfile.lock. Run 'pod install' or update your CocoaPods installation.\" >&2\n    exit 1\nfi\n# This output is used by Xcode 'outputs' to avoid re-running this script phase.\necho \"SUCCESS\" > \"${SCRIPT_OUTPUT_FILE_0}\"\n";
			showEnvVarsInLog = 0;
		};
		F5821868298EC23A6D798A5F /* [CP] Copy Pods Resources */ = {
			isa = PBXShellScriptBuildPhase;
			buildActionMask = 2147483647;
			files = (
			);
			inputPaths = (
				"${SRCROOT}/Pods/Target Support Files/Pods-ZMBCY/Pods-ZMBCY-resources.sh",
				"${PODS_ROOT}/MJRefresh/MJRefresh/MJRefresh.bundle",
			);
			name = "[CP] Copy Pods Resources";
			outputPaths = (
				"${TARGET_BUILD_DIR}/${UNLOCALIZED_RESOURCES_FOLDER_PATH}",
			);
			runOnlyForDeploymentPostprocessing = 0;
			shellPath = /bin/sh;
			shellScript = "\"${SRCROOT}/Pods/Target Support Files/Pods-ZMBCY/Pods-ZMBCY-resources.sh\"\n";
			showEnvVarsInLog = 0;
		};
/* End PBXShellScriptBuildPhase section */

/* Begin PBXSourcesBuildPhase section */
		352592EE1FC7051F008165D7 /* Sources */ = {
			isa = PBXSourcesBuildPhase;
			buildActionMask = 2147483647;
			files = (
				400CB3581FCBB5A00094F1FE /* ZMTopicModel.m in Sources */,
				407B3D881FC7BA0800E422E2 /* ZMHomeViewController.m in Sources */,
				3505E3291FCABAB900B9BF72 /* ZMDiscoverRecommendBannerCell.m in Sources */,
				407B3D821FC7B55D00E422E2 /* UIView+extension.m in Sources */,
				35D04AC61FC718F000CE082F /* ZMMainViewController.m in Sources */,
				400FA4D81FC7AFD20015335E /* YYTableViewCell.m in Sources */,
				407B3D941FC7BA8300E422E2 /* ZMMineViewController.m in Sources */,
				400FA4D71FC7AFD20015335E /* YYTableView.m in Sources */,
				35D04AC31FC717F400CE082F /* ZMColor.m in Sources */,
				407B3DA91FC7EBCB00E422E2 /* ZMPostModel.m in Sources */,
				401FF5C51FCD5785006590D8 /* ZMAuthorModel.m in Sources */,
				407B3DA61FC7C8CC00E422E2 /* ZMHomeModel.m in Sources */,
				401FF5B21FCD005A006590D8 /* ZMImageView.m in Sources */,
				401FF5BC1FCD2F3F006590D8 /* ZMCircleModel.m in Sources */,
				35D04ACD1FC7193E00CE082F /* YYFPSLabel.m in Sources */,
				35D04ACE1FC7193E00CE082F /* ZMNavView.m in Sources */,
				407B3D971FC7BD4400E422E2 /* AppDelegate+Extend.m in Sources */,
				400FA4D21FC7AFAB0015335E /* MBProgressHUD+MJ.m in Sources */,
				401FF5BF1FCD373B006590D8 /* ZMRecommendModel.m in Sources */,
				352592FD1FC7051F008165D7 /* ViewController.m in Sources */,
				407B3DC61FC814F600E422E2 /* SPPageMenu.m in Sources */,
				407B3DA31FC7C4CC00E422E2 /* NSArray+ZMAdd.m in Sources */,
				3505E32D1FCAC31300B9BF72 /* ZMDiscoverRecommendHeadView.m in Sources */,
				3505E3301FCACBCB00B9BF72 /* ZMDiscoverRecommendHotTopicCell.m in Sources */,
				407B3DB71FC800B000E422E2 /* ZMTopicViewController.m in Sources */,
				354505FD1FCA85CF00F68D34 /* ZMNetworkHelper.m in Sources */,
				407B3DBA1FC800BD00E422E2 /* ZMMessageViewController.m in Sources */,
				407B3DAC1FC7EC7B00E422E2 /* ZMPostDetailModel.m in Sources */,
				401FF5CF1FCD6C56006590D8 /* XRWaterfallLayout.m in Sources */,
				407B3DA01FC7C48700E422E2 /* ZMBaseModel.m in Sources */,
				407B3D8B1FC7BA3400E422E2 /* ZMDiscoverViewController.m in Sources */,
				401FF5C81FCD59B8006590D8 /* ZMWaterFlowLayout.m in Sources */,
				352592FA1FC7051F008165D7 /* AppDelegate.m in Sources */,
				352592F71FC7051F008165D7 /* main.m in Sources */,
				35D04AAE1FC70C5900CE082F /* Foundation+Log.m in Sources */,
				35D04ABE1FC717B700CE082F /* BaseNavigationController.m in Sources */,
				401FF5C21FCD4519006590D8 /* ZMHotRecommendModel.m in Sources */,
				407B3DC91FC81C9B00E422E2 /* ZMDiscoverRecommendView.m in Sources */,
				401FF5B51FCD059A006590D8 /* ZMDiscoverRecommendMoreTitleCell.m in Sources */,
				401FF5B81FCD09F4006590D8 /* ZMDiscoverRecommendCircleCell.m in Sources */,
				401FF5CB1FCD5BC2006590D8 /* ZMDiscoverRecommendHotRecommCell.m in Sources */,
				407B3D851FC7B88D00E422E2 /* ZMViewController.m in Sources */,
			);
			runOnlyForDeploymentPostprocessing = 0;
		};
		352593071FC70520008165D7 /* Sources */ = {
			isa = PBXSourcesBuildPhase;
			buildActionMask = 2147483647;
			files = (
				352593101FC70520008165D7 /* ZMBCYTests.m in Sources */,
			);
			runOnlyForDeploymentPostprocessing = 0;
		};
		352593121FC70520008165D7 /* Sources */ = {
			isa = PBXSourcesBuildPhase;
			buildActionMask = 2147483647;
			files = (
				3525931B1FC70520008165D7 /* ZMBCYUITests.m in Sources */,
			);
			runOnlyForDeploymentPostprocessing = 0;
		};
/* End PBXSourcesBuildPhase section */

/* Begin PBXTargetDependency section */
		3525930D1FC70520008165D7 /* PBXTargetDependency */ = {
			isa = PBXTargetDependency;
			target = 352592F11FC7051F008165D7 /* ZMBCY */;
			targetProxy = 3525930C1FC70520008165D7 /* PBXContainerItemProxy */;
		};
		352593181FC70520008165D7 /* PBXTargetDependency */ = {
			isa = PBXTargetDependency;
			target = 352592F11FC7051F008165D7 /* ZMBCY */;
			targetProxy = 352593171FC70520008165D7 /* PBXContainerItemProxy */;
		};
/* End PBXTargetDependency section */

/* Begin XCBuildConfiguration section */
		3525931D1FC70520008165D7 /* Debug */ = {
			isa = XCBuildConfiguration;
			buildSettings = {
				ALWAYS_SEARCH_USER_PATHS = NO;
				CLANG_ANALYZER_NONNULL = YES;
				CLANG_ANALYZER_NUMBER_OBJECT_CONVERSION = YES_AGGRESSIVE;
				CLANG_CXX_LANGUAGE_STANDARD = "gnu++0x";
				CLANG_CXX_LIBRARY = "libc++";
				CLANG_ENABLE_MODULES = YES;
				CLANG_ENABLE_OBJC_ARC = YES;
				CLANG_WARN_BOOL_CONVERSION = YES;
				CLANG_WARN_CONSTANT_CONVERSION = YES;
				CLANG_WARN_DIRECT_OBJC_ISA_USAGE = YES_ERROR;
				CLANG_WARN_DOCUMENTATION_COMMENTS = YES;
				CLANG_WARN_EMPTY_BODY = YES;
				CLANG_WARN_ENUM_CONVERSION = YES;
				CLANG_WARN_INFINITE_RECURSION = YES;
				CLANG_WARN_INT_CONVERSION = YES;
				CLANG_WARN_OBJC_ROOT_CLASS = YES_ERROR;
				CLANG_WARN_SUSPICIOUS_MOVE = YES;
				CLANG_WARN_UNREACHABLE_CODE = YES;
				CLANG_WARN__DUPLICATE_METHOD_MATCH = YES;
				"CODE_SIGN_IDENTITY[sdk=iphoneos*]" = "iPhone Developer";
				COPY_PHASE_STRIP = NO;
				DEBUG_INFORMATION_FORMAT = dwarf;
				ENABLE_STRICT_OBJC_MSGSEND = YES;
				ENABLE_TESTABILITY = YES;
				GCC_C_LANGUAGE_STANDARD = gnu99;
				GCC_DYNAMIC_NO_PIC = NO;
				GCC_NO_COMMON_BLOCKS = YES;
				GCC_OPTIMIZATION_LEVEL = 0;
				GCC_PREPROCESSOR_DEFINITIONS = (
					"DEBUG=1",
					"$(inherited)",
				);
				GCC_WARN_64_TO_32_BIT_CONVERSION = YES;
				GCC_WARN_ABOUT_RETURN_TYPE = YES_ERROR;
				GCC_WARN_UNDECLARED_SELECTOR = YES;
				GCC_WARN_UNINITIALIZED_AUTOS = YES_AGGRESSIVE;
				GCC_WARN_UNUSED_FUNCTION = YES;
				GCC_WARN_UNUSED_VARIABLE = YES;
				IPHONEOS_DEPLOYMENT_TARGET = 7.0;
				MTL_ENABLE_DEBUG_INFO = YES;
				ONLY_ACTIVE_ARCH = YES;
				OTHER_CFLAGS = "";
				SDKROOT = iphoneos;
			};
			name = Debug;
		};
		3525931E1FC70520008165D7 /* Release */ = {
			isa = XCBuildConfiguration;
			buildSettings = {
				ALWAYS_SEARCH_USER_PATHS = NO;
				CLANG_ANALYZER_NONNULL = YES;
				CLANG_ANALYZER_NUMBER_OBJECT_CONVERSION = YES_AGGRESSIVE;
				CLANG_CXX_LANGUAGE_STANDARD = "gnu++0x";
				CLANG_CXX_LIBRARY = "libc++";
				CLANG_ENABLE_MODULES = YES;
				CLANG_ENABLE_OBJC_ARC = YES;
				CLANG_WARN_BOOL_CONVERSION = YES;
				CLANG_WARN_CONSTANT_CONVERSION = YES;
				CLANG_WARN_DIRECT_OBJC_ISA_USAGE = YES_ERROR;
				CLANG_WARN_DOCUMENTATION_COMMENTS = YES;
				CLANG_WARN_EMPTY_BODY = YES;
				CLANG_WARN_ENUM_CONVERSION = YES;
				CLANG_WARN_INFINITE_RECURSION = YES;
				CLANG_WARN_INT_CONVERSION = YES;
				CLANG_WARN_OBJC_ROOT_CLASS = YES_ERROR;
				CLANG_WARN_SUSPICIOUS_MOVE = YES;
				CLANG_WARN_UNREACHABLE_CODE = YES;
				CLANG_WARN__DUPLICATE_METHOD_MATCH = YES;
				"CODE_SIGN_IDENTITY[sdk=iphoneos*]" = "iPhone Developer";
				COPY_PHASE_STRIP = NO;
				DEBUG_INFORMATION_FORMAT = "dwarf-with-dsym";
				ENABLE_NS_ASSERTIONS = NO;
				ENABLE_STRICT_OBJC_MSGSEND = YES;
				GCC_C_LANGUAGE_STANDARD = gnu99;
				GCC_NO_COMMON_BLOCKS = YES;
				GCC_WARN_64_TO_32_BIT_CONVERSION = YES;
				GCC_WARN_ABOUT_RETURN_TYPE = YES_ERROR;
				GCC_WARN_UNDECLARED_SELECTOR = YES;
				GCC_WARN_UNINITIALIZED_AUTOS = YES_AGGRESSIVE;
				GCC_WARN_UNUSED_FUNCTION = YES;
				GCC_WARN_UNUSED_VARIABLE = YES;
				IPHONEOS_DEPLOYMENT_TARGET = 7.0;
				MTL_ENABLE_DEBUG_INFO = NO;
				SDKROOT = iphoneos;
				VALIDATE_PRODUCT = YES;
			};
			name = Release;
		};
		352593201FC70520008165D7 /* Debug */ = {
			isa = XCBuildConfiguration;
			baseConfigurationReference = E2E141989F61C78BD93DB72C /* Pods-ZMBCY.debug.xcconfig */;
			buildSettings = {
				ASSETCATALOG_COMPILER_APPICON_NAME = AppIcon;
				ASSETCATALOG_COMPILER_LAUNCHIMAGE_NAME = LaunchImage;
				ASSETCATALOG_WARNINGS = NO;
				DEVELOPMENT_TEAM = P94N2NJ7G4;
				FRAMEWORK_SEARCH_PATHS = "$(inherited)";
				GCC_OPTIMIZATION_LEVEL = 0;
				GCC_PREFIX_HEADER = ZMBCY/PrefixHeader.pch;
				IBSC_WARNINGS = YES;
				INFOPLIST_FILE = ZMBCY/Info.plist;
				IPHONEOS_DEPLOYMENT_TARGET = 7.0;
				LD_RUNPATH_SEARCH_PATHS = "$(inherited) @executable_path/Frameworks";
				OTHER_CFLAGS = (
					"$(inherited)",
					"-isystem",
					"\"${PODS_ROOT}/Headers/Public\"",
					"-isystem",
					"\"${PODS_ROOT}/Headers/Public/AFNetworking\"",
					"-isystem",
					"\"${PODS_ROOT}/Headers/Public/Bugly\"",
					"-isystem",
					"\"${PODS_ROOT}/Headers/Public/FLEX\"",
					"-isystem",
					"\"${PODS_ROOT}/Headers/Public/MBProgressHUD\"",
					"-isystem",
					"\"${PODS_ROOT}/Headers/Public/MJRefresh\"",
					"-isystem",
					"\"${PODS_ROOT}/Headers/Public/Masonry\"",
					"-isystem",
					"\"${PODS_ROOT}/Headers/Public/SDCycleScrollView\"",
					"-isystem",
					"\"${PODS_ROOT}/Headers/Public/SDWebImage\"",
					"-isystem",
					"\"${PODS_ROOT}/Headers/Public/Shimmer\"",
					"-isystem",
					"\"${PODS_ROOT}/Headers/Public/UITableView+FDTemplateLayoutCell_Bell\"",
					"-isystem",
					"\"${PODS_ROOT}/Headers/Public/YYKit\"",
					"-isystem",
					"\"${PODS_ROOT}/Headers/Public/pop\"",
				);
				PRODUCT_BUNDLE_IDENTIFIER = com.zomake.ZMBCY;
				PRODUCT_NAME = "$(TARGET_NAME)";
			};
			name = Debug;
		};
		352593211FC70520008165D7 /* Release */ = {
			isa = XCBuildConfiguration;
			baseConfigurationReference = 145093B9279C04AD454CDE5E /* Pods-ZMBCY.release.xcconfig */;
			buildSettings = {
				ASSETCATALOG_COMPILER_APPICON_NAME = AppIcon;
				ASSETCATALOG_COMPILER_LAUNCHIMAGE_NAME = LaunchImage;
				ASSETCATALOG_WARNINGS = NO;
				DEVELOPMENT_TEAM = P94N2NJ7G4;
				FRAMEWORK_SEARCH_PATHS = "$(inherited)";
				GCC_OPTIMIZATION_LEVEL = 0;
				GCC_PREFIX_HEADER = ZMBCY/PrefixHeader.pch;
				IBSC_WARNINGS = YES;
				INFOPLIST_FILE = ZMBCY/Info.plist;
				IPHONEOS_DEPLOYMENT_TARGET = 7.0;
				LD_RUNPATH_SEARCH_PATHS = "$(inherited) @executable_path/Frameworks";
				PRODUCT_BUNDLE_IDENTIFIER = com.zomake.ZMBCY;
				PRODUCT_NAME = "$(TARGET_NAME)";
			};
			name = Release;
		};
		352593231FC70520008165D7 /* Debug */ = {
			isa = XCBuildConfiguration;
			buildSettings = {
				BUNDLE_LOADER = "$(TEST_HOST)";
				INFOPLIST_FILE = ZMBCYTests/Info.plist;
				IPHONEOS_DEPLOYMENT_TARGET = 7.0;
				LD_RUNPATH_SEARCH_PATHS = "$(inherited) @executable_path/Frameworks @loader_path/Frameworks";
				PRODUCT_BUNDLE_IDENTIFIER = com.zomake.ZMBCYTests;
				PRODUCT_NAME = "$(TARGET_NAME)";
				TEST_HOST = "$(BUILT_PRODUCTS_DIR)/ZMBCY.app/ZMBCY";
			};
			name = Debug;
		};
		352593241FC70520008165D7 /* Release */ = {
			isa = XCBuildConfiguration;
			buildSettings = {
				BUNDLE_LOADER = "$(TEST_HOST)";
				INFOPLIST_FILE = ZMBCYTests/Info.plist;
				IPHONEOS_DEPLOYMENT_TARGET = 7.0;
				LD_RUNPATH_SEARCH_PATHS = "$(inherited) @executable_path/Frameworks @loader_path/Frameworks";
				PRODUCT_BUNDLE_IDENTIFIER = com.zomake.ZMBCYTests;
				PRODUCT_NAME = "$(TARGET_NAME)";
				TEST_HOST = "$(BUILT_PRODUCTS_DIR)/ZMBCY.app/ZMBCY";
			};
			name = Release;
		};
		352593261FC70520008165D7 /* Debug */ = {
			isa = XCBuildConfiguration;
			buildSettings = {
				INFOPLIST_FILE = ZMBCYUITests/Info.plist;
				IPHONEOS_DEPLOYMENT_TARGET = 7.0;
				LD_RUNPATH_SEARCH_PATHS = "$(inherited) @executable_path/Frameworks @loader_path/Frameworks";
				PRODUCT_BUNDLE_IDENTIFIER = com.zomake.ZMBCYUITests;
				PRODUCT_NAME = "$(TARGET_NAME)";
				TEST_TARGET_NAME = ZMBCY;
			};
			name = Debug;
		};
		352593271FC70520008165D7 /* Release */ = {
			isa = XCBuildConfiguration;
			buildSettings = {
				INFOPLIST_FILE = ZMBCYUITests/Info.plist;
				IPHONEOS_DEPLOYMENT_TARGET = 7.0;
				LD_RUNPATH_SEARCH_PATHS = "$(inherited) @executable_path/Frameworks @loader_path/Frameworks";
				PRODUCT_BUNDLE_IDENTIFIER = com.zomake.ZMBCYUITests;
				PRODUCT_NAME = "$(TARGET_NAME)";
				TEST_TARGET_NAME = ZMBCY;
			};
			name = Release;
		};
/* End XCBuildConfiguration section */

/* Begin XCConfigurationList section */
		352592ED1FC7051F008165D7 /* Build configuration list for PBXProject "ZMBCY" */ = {
			isa = XCConfigurationList;
			buildConfigurations = (
				3525931D1FC70520008165D7 /* Debug */,
				3525931E1FC70520008165D7 /* Release */,
			);
			defaultConfigurationIsVisible = 0;
			defaultConfigurationName = Debug;
		};
		3525931F1FC70520008165D7 /* Build configuration list for PBXNativeTarget "ZMBCY" */ = {
			isa = XCConfigurationList;
			buildConfigurations = (
				352593201FC70520008165D7 /* Debug */,
				352593211FC70520008165D7 /* Release */,
			);
			defaultConfigurationIsVisible = 0;
			defaultConfigurationName = Debug;
		};
		352593221FC70520008165D7 /* Build configuration list for PBXNativeTarget "ZMBCYTests" */ = {
			isa = XCConfigurationList;
			buildConfigurations = (
				352593231FC70520008165D7 /* Debug */,
				352593241FC70520008165D7 /* Release */,
			);
			defaultConfigurationIsVisible = 0;
			defaultConfigurationName = Debug;
		};
		352593251FC70520008165D7 /* Build configuration list for PBXNativeTarget "ZMBCYUITests" */ = {
			isa = XCConfigurationList;
			buildConfigurations = (
				352593261FC70520008165D7 /* Debug */,
				352593271FC70520008165D7 /* Release */,
			);
			defaultConfigurationIsVisible = 0;
			defaultConfigurationName = Debug;
		};
/* End XCConfigurationList section */
	};
	rootObject = 352592EA1FC7051F008165D7 /* Project object */;
}
